
Microsoft Visual Studio Solution File, Format Version 12.00
# Visual Studio Version 17
VisualStudioVersion = 17.12.35514.174 d17.12
MinimumVisualStudioVersion = 10.0.40219.1
Project("{FAE04EC0-301F-11D3-BF4B-00C04F79EFBC}") = "ILRepackHotReload", "ILRepackHotReload\ILRepackHotReload.csproj", "{915E2EE8-3560-424B-AEB2-BACD9B1D20CB}"
EndProject
Global
	GlobalSection(SolutionConfigurationPlatforms) = preSolution
		Debug|Any CPU = Debug|Any CPU
		Release|Any CPU = Release|Any CPU
	EndGlobalSection
	GlobalSection(ProjectConfigurationPlatforms) = postSolution
		{915E2EE8-3560-424B-AEB2-BACD9B1D20CB}.Debug|Any CPU.ActiveCfg = Debug|Any CPU
		{915E2EE8-3560-424B-AEB2-BACD9B1D20CB}.Debug|Any CPU.Build.0 = Debug|Any CPU
		{915E2EE8-3560-424B-AEB2-BACD9B1D20CB}.Release|Any CPU.ActiveCfg = Release|Any CPU
		{915E2EE8-3560-424B-AEB2-BACD9B1D20CB}.Release|Any CPU.Build.0 = Release|Any CPU
	EndGlobalSection
	GlobalSection(SolutionProperties) = preSolution
		HideSolutionNode = FALSE
	EndGlobalSection
EndGlobal
